
Microsoft Visual Studio Solution File, Format Version 12.00
# Visual Studio 15
VisualStudioVersion = 15.0.27703.2047
MinimumVisualStudioVersion = 10.0.40219.1
Project("{FAE04EC0-301F-11D3-BF4B-00C04F79EFBC}") = "Alraunen.KaprekarsConstant", "Alraunen.KaprekarsConstant\Alraunen.KaprekarsConstant.csproj", "{232519DE-6984-4458-BB18-C9005E8A763E}"
EndProject
Project("{FAE04EC0-301F-11D3-BF4B-00C04F79EFBC}") = "Alraunen.ClosestEnemyII", "Alraunen.ClosestEnemyII\Alraunen.ClosestEnemyII.csproj", "{C5839025-DE22-47BC-A402-2E7562129B1F}"
EndProject
Project("{FAE04EC0-301F-11D3-BF4B-00C04F79EFBC}") = "Alraunen.BinaryReversal", "Alraunen.BinaryReversal\Alraunen.BinaryReversal.csproj", "{95BA4FDD-C0B6-4C3C-9EE3-7318726371BB}"
EndProject
Project("{FAE04EC0-301F-11D3-BF4B-00C04F79EFBC}") = "FindIntersection", "FindIntersection\FindIntersection.csproj", "{001CAFCD-A99F-4720-94BB-9475FE1F9E64}"
EndProject
Global
	GlobalSection(SolutionConfigurationPlatforms) = preSolution
		Debug|Any CPU = Debug|Any CPU
		Release|Any CPU = Release|Any CPU
	EndGlobalSection
	GlobalSection(ProjectConfigurationPlatforms) = postSolution
		{232519DE-6984-4458-BB18-C9005E8A763E}.Debug|Any CPU.ActiveCfg = Debug|Any CPU
		{232519DE-6984-4458-BB18-C9005E8A763E}.Debug|Any CPU.Build.0 = Debug|Any CPU
		{232519DE-6984-4458-BB18-C9005E8A763E}.Release|Any CPU.ActiveCfg = Release|Any CPU
		{232519DE-6984-4458-BB18-C9005E8A763E}.Release|Any CPU.Build.0 = Release|Any CPU
		{C5839025-DE22-47BC-A402-2E7562129B1F}.Debug|Any CPU.ActiveCfg = Debug|Any CPU
		{C5839025-DE22-47BC-A402-2E7562129B1F}.Debug|Any CPU.Build.0 = Debug|Any CPU
		{C5839025-DE22-47BC-A402-2E7562129B1F}.Release|Any CPU.ActiveCfg = Release|Any CPU
		{C5839025-DE22-47BC-A402-2E7562129B1F}.Release|Any CPU.Build.0 = Release|Any CPU
		{95BA4FDD-C0B6-4C3C-9EE3-7318726371BB}.Debug|Any CPU.ActiveCfg = Debug|Any CPU
		{95BA4FDD-C0B6-4C3C-9EE3-7318726371BB}.Debug|Any CPU.Build.0 = Debug|Any CPU
		{95BA4FDD-C0B6-4C3C-9EE3-7318726371BB}.Release|Any CPU.ActiveCfg = Release|Any CPU
		{95BA4FDD-C0B6-4C3C-9EE3-7318726371BB}.Release|Any CPU.Build.0 = Release|Any CPU
		{001CAFCD-A99F-4720-94BB-9475FE1F9E64}.Debug|Any CPU.ActiveCfg = Debug|Any CPU
		{001CAFCD-A99F-4720-94BB-9475FE1F9E64}.Debug|Any CPU.Build.0 = Debug|Any CPU
		{001CAFCD-A99F-4720-94BB-9475FE1F9E64}.Release|Any CPU.ActiveCfg = Release|Any CPU
		{001CAFCD-A99F-4720-94BB-9475FE1F9E64}.Release|Any CPU.Build.0 = Release|Any CPU
	EndGlobalSection
	GlobalSection(SolutionProperties) = preSolution
		HideSolutionNode = FALSE
	EndGlobalSection
	GlobalSection(ExtensibilityGlobals) = postSolution
		SolutionGuid = {3F5E34D0-5AED-4FE9-96D3-4CA174DD05DA}
	EndGlobalSection
EndGlobal
